
Microsoft Visual Studio Solution File, Format Version 12.00
# Visual Studio 2012
Project("{FAE04EC0-301F-11D3-BF4B-00C04F79EFBC}") = "MonoDevelop.VersionControl.Mercurial", "MonoDevelop.VersionControl.Mercurial\MonoDevelop.VersionControl.Mercurial.csproj", "{F720C7FC-9C5F-4B49-9F24-F538A774CECA}"
EndProject
Global
	GlobalSection(SolutionConfigurationPlatforms) = preSolution
		Debug|Any CPU = Debug|Any CPU
		Release|Any CPU = Release|Any CPU
	EndGlobalSection
	GlobalSection(ProjectConfigurationPlatforms) = postSolution
		{F720C7FC-9C5F-4B49-9F24-F538A774CECA}.Debug|Any CPU.ActiveCfg = Debug|Any CPU
		{F720C7FC-9C5F-4B49-9F24-F538A774CECA}.Debug|Any CPU.Build.0 = Debug|Any CPU
		{F720C7FC-9C5F-4B49-9F24-F538A774CECA}.Release|Any CPU.ActiveCfg = Release|Any CPU
		{F720C7FC-9C5F-4B49-9F24-F538A774CECA}.Release|Any CPU.Build.0 = Release|Any CPU
	EndGlobalSection
EndGlobal
